
Microsoft Visual Studio Solution File, Format Version 12.00
# Visual Studio Version 17
VisualStudioVersion = 17.4.33110.190
MinimumVisualStudioVersion = 10.0.40219.1
Project("{FAE04EC0-301F-11D3-BF4B-00C04F79EFBC}") = "Spyware", "Spyware.csproj", "{869D683B-1E31-40EC-9298-BB79E98D2B72}"
EndProject
Global
	GlobalSection(SolutionConfigurationPlatforms) = preSolution
		Debug|Any CPU = Debug|Any CPU
		Release|Any CPU = Release|Any CPU
	EndGlobalSection
	GlobalSection(ProjectConfigurationPlatforms) = postSolution
		{869D683B-1E31-40EC-9298-BB79E98D2B72}.Debug|Any CPU.ActiveCfg = Debug|Any CPU
		{869D683B-1E31-40EC-9298-BB79E98D2B72}.Debug|Any CPU.Build.0 = Debug|Any CPU
		{869D683B-1E31-40EC-9298-BB79E98D2B72}.Release|Any CPU.ActiveCfg = Release|Any CPU
		{869D683B-1E31-40EC-9298-BB79E98D2B72}.Release|Any CPU.Build.0 = Release|Any CPU
	EndGlobalSection
	GlobalSection(SolutionProperties) = preSolution
		HideSolutionNode = FALSE
	EndGlobalSection
	GlobalSection(ExtensibilityGlobals) = postSolution
		SolutionGuid = {EB798B73-64A4-4423-B346-045B769064E3}
	EndGlobalSection
EndGlobal
